
Microsoft Visual Studio Solution File, Format Version 12.00
# Visual Studio Express 14 for Windows Desktop
VisualStudioVersion = 14.0.25420.1
MinimumVisualStudioVersion = 10.0.40219.1
Project("{FAE04EC0-301F-11D3-BF4B-00C04F79EFBC}") = "Exercicios_Fixacao", "Exercicios_Fixacao.csproj", "{DD77DD10-FFEC-4D56-9129-9E5049898CCA}"
EndProject
Global
	GlobalSection(SolutionConfigurationPlatforms) = preSolution
		Debug|Any CPU = Debug|Any CPU
		Release|Any CPU = Release|Any CPU
	EndGlobalSection
	GlobalSection(ProjectConfigurationPlatforms) = postSolution
		{DD77DD10-FFEC-4D56-9129-9E5049898CCA}.Debug|Any CPU.ActiveCfg = Debug|Any CPU
		{DD77DD10-FFEC-4D56-9129-9E5049898CCA}.Debug|Any CPU.Build.0 = Debug|Any CPU
		{DD77DD10-FFEC-4D56-9129-9E5049898CCA}.Release|Any CPU.ActiveCfg = Release|Any CPU
		{DD77DD10-FFEC-4D56-9129-9E5049898CCA}.Release|Any CPU.Build.0 = Release|Any CPU
	EndGlobalSection
	GlobalSection(SolutionProperties) = preSolution
		HideSolutionNode = FALSE
	EndGlobalSection
EndGlobal
