
Microsoft Visual Studio Solution File, Format Version 12.00
# Visual Studio 2012
Project("{FAE04EC0-301F-11D3-BF4B-00C04F79EFBC}") = "Exercicio_Ficaxao", "Exercicio_Ficaxao.csproj", "{C3240DB7-BCA6-4B47-A428-6D35C17ADA78}"
EndProject
Global
	GlobalSection(SolutionConfigurationPlatforms) = preSolution
		Debug|Any CPU = Debug|Any CPU
		Release|Any CPU = Release|Any CPU
	EndGlobalSection
	GlobalSection(ProjectConfigurationPlatforms) = postSolution
		{C3240DB7-BCA6-4B47-A428-6D35C17ADA78}.Debug|Any CPU.ActiveCfg = Debug|Any CPU
		{C3240DB7-BCA6-4B47-A428-6D35C17ADA78}.Debug|Any CPU.Build.0 = Debug|Any CPU
		{C3240DB7-BCA6-4B47-A428-6D35C17ADA78}.Release|Any CPU.ActiveCfg = Release|Any CPU
		{C3240DB7-BCA6-4B47-A428-6D35C17ADA78}.Release|Any CPU.Build.0 = Release|Any CPU
	EndGlobalSection
	GlobalSection(SolutionProperties) = preSolution
		HideSolutionNode = FALSE
	EndGlobalSection
EndGlobal
